
Microsoft Visual Studio Solution File, Format Version 12.00
# Visual Studio 15
VisualStudioVersion = 15.0.28307.757
MinimumVisualStudioVersion = 10.0.40219.1
Project("{FAE04EC0-301F-11D3-BF4B-00C04F79EFBC}") = "IsTree", "IsTree\IsTree.csproj", "{37531F93-511E-4C71-8E83-33B3B2C26139}"
EndProject
Global
	GlobalSection(SolutionConfigurationPlatforms) = preSolution
		Debug|Any CPU = Debug|Any CPU
		Release|Any CPU = Release|Any CPU
	EndGlobalSection
	GlobalSection(ProjectConfigurationPlatforms) = postSolution
		{37531F93-511E-4C71-8E83-33B3B2C26139}.Debug|Any CPU.ActiveCfg = Debug|Any CPU
		{37531F93-511E-4C71-8E83-33B3B2C26139}.Debug|Any CPU.Build.0 = Debug|Any CPU
		{37531F93-511E-4C71-8E83-33B3B2C26139}.Release|Any CPU.ActiveCfg = Release|Any CPU
		{37531F93-511E-4C71-8E83-33B3B2C26139}.Release|Any CPU.Build.0 = Release|Any CPU
	EndGlobalSection
	GlobalSection(SolutionProperties) = preSolution
		HideSolutionNode = FALSE
	EndGlobalSection
	GlobalSection(ExtensibilityGlobals) = postSolution
		SolutionGuid = {86D96745-4754-4B74-8ACA-BE5DDC565B20}
	EndGlobalSection
EndGlobal
